
Microsoft Visual Studio Solution File, Format Version 12.00
# Visual Studio Version 16
VisualStudioVersion = 16.0.31702.278
MinimumVisualStudioVersion = 10.0.40219.1
Project("{FAE04EC0-301F-11D3-BF4B-00C04F79EFBC}") = "DemoCoursBDD", "DemoCoursBDD\DemoCoursBDD.csproj", "{281FA537-53CD-41B7-BE6D-365034D309D7}"
EndProject
Project("{FAE04EC0-301F-11D3-BF4B-00C04F79EFBC}") = "DemoClassesMetier", "DemoClassesMetier\DemoClassesMetier.csproj", "{D671CD45-11EE-463B-94B2-7855358B2047}"
EndProject
Project("{FAE04EC0-301F-11D3-BF4B-00C04F79EFBC}") = "DemoGstBdd", "DemoGstBdd\DemoGstBdd.csproj", "{F85E9F72-14B5-4360-89C9-C61ABED12EA2}"
EndProject
Global
	GlobalSection(SolutionConfigurationPlatforms) = preSolution
		Debug|Any CPU = Debug|Any CPU
		Release|Any CPU = Release|Any CPU
	EndGlobalSection
	GlobalSection(ProjectConfigurationPlatforms) = postSolution
		{281FA537-53CD-41B7-BE6D-365034D309D7}.Debug|Any CPU.ActiveCfg = Debug|Any CPU
		{281FA537-53CD-41B7-BE6D-365034D309D7}.Debug|Any CPU.Build.0 = Debug|Any CPU
		{281FA537-53CD-41B7-BE6D-365034D309D7}.Release|Any CPU.ActiveCfg = Release|Any CPU
		{281FA537-53CD-41B7-BE6D-365034D309D7}.Release|Any CPU.Build.0 = Release|Any CPU
		{D671CD45-11EE-463B-94B2-7855358B2047}.Debug|Any CPU.ActiveCfg = Debug|Any CPU
		{D671CD45-11EE-463B-94B2-7855358B2047}.Debug|Any CPU.Build.0 = Debug|Any CPU
		{D671CD45-11EE-463B-94B2-7855358B2047}.Release|Any CPU.ActiveCfg = Release|Any CPU
		{D671CD45-11EE-463B-94B2-7855358B2047}.Release|Any CPU.Build.0 = Release|Any CPU
		{F85E9F72-14B5-4360-89C9-C61ABED12EA2}.Debug|Any CPU.ActiveCfg = Debug|Any CPU
		{F85E9F72-14B5-4360-89C9-C61ABED12EA2}.Debug|Any CPU.Build.0 = Debug|Any CPU
		{F85E9F72-14B5-4360-89C9-C61ABED12EA2}.Release|Any CPU.ActiveCfg = Release|Any CPU
		{F85E9F72-14B5-4360-89C9-C61ABED12EA2}.Release|Any CPU.Build.0 = Release|Any CPU
	EndGlobalSection
	GlobalSection(SolutionProperties) = preSolution
		HideSolutionNode = FALSE
	EndGlobalSection
	GlobalSection(ExtensibilityGlobals) = postSolution
		SolutionGuid = {92890D0C-88D3-48B2-BEB4-CD716367AF35}
	EndGlobalSection
EndGlobal
